
Microsoft Visual Studio Solution File, Format Version 12.00
# Visual Studio Version 16
VisualStudioVersion = 16.0.29905.134
MinimumVisualStudioVersion = 10.0.40219.1
Project("{FAE04EC0-301F-11D3-BF4B-00C04F79EFBC}") = "Ahorcado.UnitTest", "Ahorcado.UnitTest\Ahorcado.UnitTest.csproj", "{EA038C82-320C-44AF-9452-719246A6C8A0}"
EndProject
Project("{FAE04EC0-301F-11D3-BF4B-00C04F79EFBC}") = "Ahorcado.Dominio", "Ahorcado.Dominio\Ahorcado.Dominio.csproj", "{218CED53-44BE-476D-9759-A1E357781283}"
EndProject
Project("{FAE04EC0-301F-11D3-BF4B-00C04F79EFBC}") = "Ahorcado.Logica", "Ahorcado.Logica\Ahorcado.Logica.csproj", "{05545BF9-682E-4BEE-8384-A33D78569423}"
EndProject
Project("{FAE04EC0-301F-11D3-BF4B-00C04F79EFBC}") = "Ahorcado.Consola", "Ahorcado.Consola\Ahorcado.Consola.csproj", "{B21139AA-6A70-413F-A7BC-D23703CC0FFC}"
EndProject
Project("{FAE04EC0-301F-11D3-BF4B-00C04F79EFBC}") = "Ahorcado.UIAutomation", "Ahorcado.UIAutomation\Ahorcado.UIAutomation.csproj", "{41F98BC3-F621-462A-830A-911BE824385C}"
EndProject
Project("{FAE04EC0-301F-11D3-BF4B-00C04F79EFBC}") = "Ahorcado.MVC", "Ahorcado.MVC\Ahorcado.MVC.csproj", "{DC9B00FA-6095-4DD0-BFBE-07696C8AD895}"
EndProject
Project("{FAE04EC0-301F-11D3-BF4B-00C04F79EFBC}") = "Ahorcado.SpecFlowATDD", "Ahorcado.SpecFlowATDD\Ahorcado.SpecFlowATDD.csproj", "{80B2ECF0-1A35-4785-8415-281CE6463AD8}"
EndProject
Global
	GlobalSection(SolutionConfigurationPlatforms) = preSolution
		Debug|Any CPU = Debug|Any CPU
		Release|Any CPU = Release|Any CPU
	EndGlobalSection
	GlobalSection(ProjectConfigurationPlatforms) = postSolution
		{EA038C82-320C-44AF-9452-719246A6C8A0}.Debug|Any CPU.ActiveCfg = Debug|Any CPU
		{EA038C82-320C-44AF-9452-719246A6C8A0}.Debug|Any CPU.Build.0 = Debug|Any CPU
		{EA038C82-320C-44AF-9452-719246A6C8A0}.Release|Any CPU.ActiveCfg = Release|Any CPU
		{EA038C82-320C-44AF-9452-719246A6C8A0}.Release|Any CPU.Build.0 = Release|Any CPU
		{218CED53-44BE-476D-9759-A1E357781283}.Debug|Any CPU.ActiveCfg = Debug|Any CPU
		{218CED53-44BE-476D-9759-A1E357781283}.Debug|Any CPU.Build.0 = Debug|Any CPU
		{218CED53-44BE-476D-9759-A1E357781283}.Release|Any CPU.ActiveCfg = Release|Any CPU
		{218CED53-44BE-476D-9759-A1E357781283}.Release|Any CPU.Build.0 = Release|Any CPU
		{05545BF9-682E-4BEE-8384-A33D78569423}.Debug|Any CPU.ActiveCfg = Debug|Any CPU
		{05545BF9-682E-4BEE-8384-A33D78569423}.Debug|Any CPU.Build.0 = Debug|Any CPU
		{05545BF9-682E-4BEE-8384-A33D78569423}.Release|Any CPU.ActiveCfg = Release|Any CPU
		{05545BF9-682E-4BEE-8384-A33D78569423}.Release|Any CPU.Build.0 = Release|Any CPU
		{B21139AA-6A70-413F-A7BC-D23703CC0FFC}.Debug|Any CPU.ActiveCfg = Debug|Any CPU
		{B21139AA-6A70-413F-A7BC-D23703CC0FFC}.Debug|Any CPU.Build.0 = Debug|Any CPU
		{B21139AA-6A70-413F-A7BC-D23703CC0FFC}.Release|Any CPU.ActiveCfg = Release|Any CPU
		{B21139AA-6A70-413F-A7BC-D23703CC0FFC}.Release|Any CPU.Build.0 = Release|Any CPU
		{41F98BC3-F621-462A-830A-911BE824385C}.Debug|Any CPU.ActiveCfg = Debug|Any CPU
		{41F98BC3-F621-462A-830A-911BE824385C}.Debug|Any CPU.Build.0 = Debug|Any CPU
		{41F98BC3-F621-462A-830A-911BE824385C}.Release|Any CPU.ActiveCfg = Release|Any CPU
		{41F98BC3-F621-462A-830A-911BE824385C}.Release|Any CPU.Build.0 = Release|Any CPU
		{DC9B00FA-6095-4DD0-BFBE-07696C8AD895}.Debug|Any CPU.ActiveCfg = Debug|Any CPU
		{DC9B00FA-6095-4DD0-BFBE-07696C8AD895}.Debug|Any CPU.Build.0 = Debug|Any CPU
		{DC9B00FA-6095-4DD0-BFBE-07696C8AD895}.Release|Any CPU.ActiveCfg = Release|Any CPU
		{DC9B00FA-6095-4DD0-BFBE-07696C8AD895}.Release|Any CPU.Build.0 = Release|Any CPU
		{80B2ECF0-1A35-4785-8415-281CE6463AD8}.Debug|Any CPU.ActiveCfg = Debug|Any CPU
		{80B2ECF0-1A35-4785-8415-281CE6463AD8}.Debug|Any CPU.Build.0 = Debug|Any CPU
		{80B2ECF0-1A35-4785-8415-281CE6463AD8}.Release|Any CPU.ActiveCfg = Release|Any CPU
		{80B2ECF0-1A35-4785-8415-281CE6463AD8}.Release|Any CPU.Build.0 = Release|Any CPU
	EndGlobalSection
	GlobalSection(SolutionProperties) = preSolution
		HideSolutionNode = FALSE
	EndGlobalSection
	GlobalSection(ExtensibilityGlobals) = postSolution
		SolutionGuid = {33ACD7B6-8FB0-4BBA-9A49-8B72CECF2340}
	EndGlobalSection
EndGlobal
