
Microsoft Visual Studio Solution File, Format Version 12.00
# Visual Studio Version 16
VisualStudioVersion = 16.0.29905.134
MinimumVisualStudioVersion = 10.0.40219.1
Project("{FAE04EC0-301F-11D3-BF4B-00C04F79EFBC}") = "Ahorcado.UnitTest", "Ahorcado.UnitTest\Ahorcado.UnitTest.csproj", "{EA038C82-320C-44AF-9452-719246A6C8A0}"
EndProject
Global
	GlobalSection(SolutionConfigurationPlatforms) = preSolution
		Debug|Any CPU = Debug|Any CPU
		Release|Any CPU = Release|Any CPU
	EndGlobalSection
	GlobalSection(ProjectConfigurationPlatforms) = postSolution
		{EA038C82-320C-44AF-9452-719246A6C8A0}.Debug|Any CPU.ActiveCfg = Debug|Any CPU
		{EA038C82-320C-44AF-9452-719246A6C8A0}.Debug|Any CPU.Build.0 = Debug|Any CPU
		{EA038C82-320C-44AF-9452-719246A6C8A0}.Release|Any CPU.ActiveCfg = Release|Any CPU
		{EA038C82-320C-44AF-9452-719246A6C8A0}.Release|Any CPU.Build.0 = Release|Any CPU
	EndGlobalSection
	GlobalSection(SolutionProperties) = preSolution
		HideSolutionNode = FALSE
	EndGlobalSection
	GlobalSection(ExtensibilityGlobals) = postSolution
		SolutionGuid = {33ACD7B6-8FB0-4BBA-9A49-8B72CECF2340}
	EndGlobalSection
EndGlobal
